
Microsoft Visual Studio Solution File, Format Version 12.00
# Visual Studio Version 16
VisualStudioVersion = 16.0.31205.134
MinimumVisualStudioVersion = 10.0.40219.1
Project("{8BC9CEB8-8B4A-11D0-8D11-00A0C91BC942}") = "Test", "Test.vcxproj", "{94A7A877-6E9F-4CA4-9B79-2AD21A31AB24}"
EndProject
Project("{8BC9CEB8-8B4A-11D0-8D11-00A0C91BC942}") = "Chapter2", "..\2-1.c\2-1.c.vcxproj", "{9BB47819-BE71-4865-96A9-1A5FAA405DDA}"
EndProject
Project("{8BC9CEB8-8B4A-11D0-8D11-00A0C91BC942}") = "Chapter3", "..\Chapter3\Chapter3.vcxproj", "{503E9D2F-0B8A-40FD-B980-7D358E5AACF0}"
EndProject
Project("{8BC9CEB8-8B4A-11D0-8D11-00A0C91BC942}") = "Chapter3-2", "..\Chapter4\Chapter4.vcxproj", "{72815D53-4A87-4408-B685-80F8BFEB5EFD}"
EndProject
Project("{8BC9CEB8-8B4A-11D0-8D11-00A0C91BC942}") = "Chapter4.1", "..\Chapter4.1\Chapter4.1.vcxproj", "{9425F271-A872-44B4-BA27-2B8557A5A2CF}"
EndProject
Project("{8BC9CEB8-8B4A-11D0-8D11-00A0C91BC942}") = "Chapter5", "..\Chapter5\Chapter5.vcxproj", "{5605EEAC-E41E-4AC7-828E-97AC68E915F9}"
EndProject
Project("{8BC9CEB8-8B4A-11D0-8D11-00A0C91BC942}") = "Chapter6", "..\Chapter6\Chapter6.vcxproj", "{5485F9F6-BAFE-4654-B6E1-A6F2A6280614}"
EndProject
Project("{8BC9CEB8-8B4A-11D0-8D11-00A0C91BC942}") = "Chapter7", "..\Chapter7\Chapter7.vcxproj", "{9A77121C-CBCD-48ED-9377-C4321F03AAFD}"
EndProject
Project("{8BC9CEB8-8B4A-11D0-8D11-00A0C91BC942}") = "Chapter8", "..\Chapter8\Chapter8.vcxproj", "{69F3D1BA-49E1-47F9-9961-3DE5F46F3985}"
EndProject
Project("{8BC9CEB8-8B4A-11D0-8D11-00A0C91BC942}") = "Chapter9", "..\Chapter9\Chapter9.vcxproj", "{B8E4A32E-245A-426A-B11B-68CEE946DDB4}"
EndProject
Project("{8BC9CEB8-8B4A-11D0-8D11-00A0C91BC942}") = "Chapter10", "..\Chapter10\Chapter10.vcxproj", "{A222D5F2-E628-49F9-BAC3-83CDB1834D6F}"
EndProject
Project("{8BC9CEB8-8B4A-11D0-8D11-00A0C91BC942}") = "Chapter11", "..\Chapter11\Chapter11.vcxproj", "{A5122C58-4306-485D-A109-BCC528A58A84}"
EndProject
Project("{8BC9CEB8-8B4A-11D0-8D11-00A0C91BC942}") = "Chapter12", "..\Chapter12\Chapter12.vcxproj", "{D4956711-636F-4970-ABFF-DA19002CB9F7}"
EndProject
Global
	GlobalSection(SolutionConfigurationPlatforms) = preSolution
		Debug|x64 = Debug|x64
		Debug|x86 = Debug|x86
		Release|x64 = Release|x64
		Release|x86 = Release|x86
	EndGlobalSection
	GlobalSection(ProjectConfigurationPlatforms) = postSolution
		{94A7A877-6E9F-4CA4-9B79-2AD21A31AB24}.Debug|x64.ActiveCfg = Debug|x64
		{94A7A877-6E9F-4CA4-9B79-2AD21A31AB24}.Debug|x64.Build.0 = Debug|x64
		{94A7A877-6E9F-4CA4-9B79-2AD21A31AB24}.Debug|x86.ActiveCfg = Debug|Win32
		{94A7A877-6E9F-4CA4-9B79-2AD21A31AB24}.Debug|x86.Build.0 = Debug|Win32
		{94A7A877-6E9F-4CA4-9B79-2AD21A31AB24}.Release|x64.ActiveCfg = Release|x64
		{94A7A877-6E9F-4CA4-9B79-2AD21A31AB24}.Release|x64.Build.0 = Release|x64
		{94A7A877-6E9F-4CA4-9B79-2AD21A31AB24}.Release|x86.ActiveCfg = Release|Win32
		{94A7A877-6E9F-4CA4-9B79-2AD21A31AB24}.Release|x86.Build.0 = Release|Win32
		{9BB47819-BE71-4865-96A9-1A5FAA405DDA}.Debug|x64.ActiveCfg = Debug|x64
		{9BB47819-BE71-4865-96A9-1A5FAA405DDA}.Debug|x64.Build.0 = Debug|x64
		{9BB47819-BE71-4865-96A9-1A5FAA405DDA}.Debug|x86.ActiveCfg = Debug|Win32
		{9BB47819-BE71-4865-96A9-1A5FAA405DDA}.Debug|x86.Build.0 = Debug|Win32
		{9BB47819-BE71-4865-96A9-1A5FAA405DDA}.Release|x64.ActiveCfg = Release|x64
		{9BB47819-BE71-4865-96A9-1A5FAA405DDA}.Release|x64.Build.0 = Release|x64
		{9BB47819-BE71-4865-96A9-1A5FAA405DDA}.Release|x86.ActiveCfg = Release|Win32
		{9BB47819-BE71-4865-96A9-1A5FAA405DDA}.Release|x86.Build.0 = Release|Win32
		{503E9D2F-0B8A-40FD-B980-7D358E5AACF0}.Debug|x64.ActiveCfg = Debug|x64
		{503E9D2F-0B8A-40FD-B980-7D358E5AACF0}.Debug|x64.Build.0 = Debug|x64
		{503E9D2F-0B8A-40FD-B980-7D358E5AACF0}.Debug|x86.ActiveCfg = Debug|Win32
		{503E9D2F-0B8A-40FD-B980-7D358E5AACF0}.Debug|x86.Build.0 = Debug|Win32
		{503E9D2F-0B8A-40FD-B980-7D358E5AACF0}.Release|x64.ActiveCfg = Release|x64
		{503E9D2F-0B8A-40FD-B980-7D358E5AACF0}.Release|x64.Build.0 = Release|x64
		{503E9D2F-0B8A-40FD-B980-7D358E5AACF0}.Release|x86.ActiveCfg = Release|Win32
		{503E9D2F-0B8A-40FD-B980-7D358E5AACF0}.Release|x86.Build.0 = Release|Win32
		{72815D53-4A87-4408-B685-80F8BFEB5EFD}.Debug|x64.ActiveCfg = Debug|x64
		{72815D53-4A87-4408-B685-80F8BFEB5EFD}.Debug|x64.Build.0 = Debug|x64
		{72815D53-4A87-4408-B685-80F8BFEB5EFD}.Debug|x86.ActiveCfg = Debug|Win32
		{72815D53-4A87-4408-B685-80F8BFEB5EFD}.Debug|x86.Build.0 = Debug|Win32
		{72815D53-4A87-4408-B685-80F8BFEB5EFD}.Release|x64.ActiveCfg = Release|x64
		{72815D53-4A87-4408-B685-80F8BFEB5EFD}.Release|x64.Build.0 = Release|x64
		{72815D53-4A87-4408-B685-80F8BFEB5EFD}.Release|x86.ActiveCfg = Release|Win32
		{72815D53-4A87-4408-B685-80F8BFEB5EFD}.Release|x86.Build.0 = Release|Win32
		{9425F271-A872-44B4-BA27-2B8557A5A2CF}.Debug|x64.ActiveCfg = Debug|x64
		{9425F271-A872-44B4-BA27-2B8557A5A2CF}.Debug|x64.Build.0 = Debug|x64
		{9425F271-A872-44B4-BA27-2B8557A5A2CF}.Debug|x86.ActiveCfg = Debug|Win32
		{9425F271-A872-44B4-BA27-2B8557A5A2CF}.Debug|x86.Build.0 = Debug|Win32
		{9425F271-A872-44B4-BA27-2B8557A5A2CF}.Release|x64.ActiveCfg = Release|x64
		{9425F271-A872-44B4-BA27-2B8557A5A2CF}.Release|x64.Build.0 = Release|x64
		{9425F271-A872-44B4-BA27-2B8557A5A2CF}.Release|x86.ActiveCfg = Release|Win32
		{9425F271-A872-44B4-BA27-2B8557A5A2CF}.Release|x86.Build.0 = Release|Win32
		{5605EEAC-E41E-4AC7-828E-97AC68E915F9}.Debug|x64.ActiveCfg = Debug|x64
		{5605EEAC-E41E-4AC7-828E-97AC68E915F9}.Debug|x64.Build.0 = Debug|x64
		{5605EEAC-E41E-4AC7-828E-97AC68E915F9}.Debug|x86.ActiveCfg = Debug|Win32
		{5605EEAC-E41E-4AC7-828E-97AC68E915F9}.Debug|x86.Build.0 = Debug|Win32
		{5605EEAC-E41E-4AC7-828E-97AC68E915F9}.Release|x64.ActiveCfg = Release|x64
		{5605EEAC-E41E-4AC7-828E-97AC68E915F9}.Release|x64.Build.0 = Release|x64
		{5605EEAC-E41E-4AC7-828E-97AC68E915F9}.Release|x86.ActiveCfg = Release|Win32
		{5605EEAC-E41E-4AC7-828E-97AC68E915F9}.Release|x86.Build.0 = Release|Win32
		{5485F9F6-BAFE-4654-B6E1-A6F2A6280614}.Debug|x64.ActiveCfg = Debug|x64
		{5485F9F6-BAFE-4654-B6E1-A6F2A6280614}.Debug|x64.Build.0 = Debug|x64
		{5485F9F6-BAFE-4654-B6E1-A6F2A6280614}.Debug|x86.ActiveCfg = Debug|Win32
		{5485F9F6-BAFE-4654-B6E1-A6F2A6280614}.Debug|x86.Build.0 = Debug|Win32
		{5485F9F6-BAFE-4654-B6E1-A6F2A6280614}.Release|x64.ActiveCfg = Release|x64
		{5485F9F6-BAFE-4654-B6E1-A6F2A6280614}.Release|x64.Build.0 = Release|x64
		{5485F9F6-BAFE-4654-B6E1-A6F2A6280614}.Release|x86.ActiveCfg = Release|Win32
		{5485F9F6-BAFE-4654-B6E1-A6F2A6280614}.Release|x86.Build.0 = Release|Win32
		{9A77121C-CBCD-48ED-9377-C4321F03AAFD}.Debug|x64.ActiveCfg = Debug|x64
		{9A77121C-CBCD-48ED-9377-C4321F03AAFD}.Debug|x64.Build.0 = Debug|x64
		{9A77121C-CBCD-48ED-9377-C4321F03AAFD}.Debug|x86.ActiveCfg = Debug|Win32
		{9A77121C-CBCD-48ED-9377-C4321F03AAFD}.Debug|x86.Build.0 = Debug|Win32
		{9A77121C-CBCD-48ED-9377-C4321F03AAFD}.Release|x64.ActiveCfg = Release|x64
		{9A77121C-CBCD-48ED-9377-C4321F03AAFD}.Release|x64.Build.0 = Release|x64
		{9A77121C-CBCD-48ED-9377-C4321F03AAFD}.Release|x86.ActiveCfg = Release|Win32
		{9A77121C-CBCD-48ED-9377-C4321F03AAFD}.Release|x86.Build.0 = Release|Win32
		{69F3D1BA-49E1-47F9-9961-3DE5F46F3985}.Debug|x64.ActiveCfg = Debug|x64
		{69F3D1BA-49E1-47F9-9961-3DE5F46F3985}.Debug|x64.Build.0 = Debug|x64
		{69F3D1BA-49E1-47F9-9961-3DE5F46F3985}.Debug|x86.ActiveCfg = Debug|Win32
		{69F3D1BA-49E1-47F9-9961-3DE5F46F3985}.Debug|x86.Build.0 = Debug|Win32
		{69F3D1BA-49E1-47F9-9961-3DE5F46F3985}.Release|x64.ActiveCfg = Release|x64
		{69F3D1BA-49E1-47F9-9961-3DE5F46F3985}.Release|x64.Build.0 = Release|x64
		{69F3D1BA-49E1-47F9-9961-3DE5F46F3985}.Release|x86.ActiveCfg = Release|Win32
		{69F3D1BA-49E1-47F9-9961-3DE5F46F3985}.Release|x86.Build.0 = Release|Win32
		{B8E4A32E-245A-426A-B11B-68CEE946DDB4}.Debug|x64.ActiveCfg = Debug|x64
		{B8E4A32E-245A-426A-B11B-68CEE946DDB4}.Debug|x64.Build.0 = Debug|x64
		{B8E4A32E-245A-426A-B11B-68CEE946DDB4}.Debug|x86.ActiveCfg = Debug|Win32
		{B8E4A32E-245A-426A-B11B-68CEE946DDB4}.Debug|x86.Build.0 = Debug|Win32
		{B8E4A32E-245A-426A-B11B-68CEE946DDB4}.Release|x64.ActiveCfg = Release|x64
		{B8E4A32E-245A-426A-B11B-68CEE946DDB4}.Release|x64.Build.0 = Release|x64
		{B8E4A32E-245A-426A-B11B-68CEE946DDB4}.Release|x86.ActiveCfg = Release|Win32
		{B8E4A32E-245A-426A-B11B-68CEE946DDB4}.Release|x86.Build.0 = Release|Win32
		{A222D5F2-E628-49F9-BAC3-83CDB1834D6F}.Debug|x64.ActiveCfg = Debug|x64
		{A222D5F2-E628-49F9-BAC3-83CDB1834D6F}.Debug|x64.Build.0 = Debug|x64
		{A222D5F2-E628-49F9-BAC3-83CDB1834D6F}.Debug|x86.ActiveCfg = Debug|Win32
		{A222D5F2-E628-49F9-BAC3-83CDB1834D6F}.Debug|x86.Build.0 = Debug|Win32
		{A222D5F2-E628-49F9-BAC3-83CDB1834D6F}.Release|x64.ActiveCfg = Release|x64
		{A222D5F2-E628-49F9-BAC3-83CDB1834D6F}.Release|x64.Build.0 = Release|x64
		{A222D5F2-E628-49F9-BAC3-83CDB1834D6F}.Release|x86.ActiveCfg = Release|Win32
		{A222D5F2-E628-49F9-BAC3-83CDB1834D6F}.Release|x86.Build.0 = Release|Win32
		{A5122C58-4306-485D-A109-BCC528A58A84}.Debug|x64.ActiveCfg = Debug|x64
		{A5122C58-4306-485D-A109-BCC528A58A84}.Debug|x64.Build.0 = Debug|x64
		{A5122C58-4306-485D-A109-BCC528A58A84}.Debug|x86.ActiveCfg = Debug|Win32
		{A5122C58-4306-485D-A109-BCC528A58A84}.Debug|x86.Build.0 = Debug|Win32
		{A5122C58-4306-485D-A109-BCC528A58A84}.Release|x64.ActiveCfg = Release|x64
		{A5122C58-4306-485D-A109-BCC528A58A84}.Release|x64.Build.0 = Release|x64
		{A5122C58-4306-485D-A109-BCC528A58A84}.Release|x86.ActiveCfg = Release|Win32
		{A5122C58-4306-485D-A109-BCC528A58A84}.Release|x86.Build.0 = Release|Win32
		{D4956711-636F-4970-ABFF-DA19002CB9F7}.Debug|x64.ActiveCfg = Debug|x64
		{D4956711-636F-4970-ABFF-DA19002CB9F7}.Debug|x64.Build.0 = Debug|x64
		{D4956711-636F-4970-ABFF-DA19002CB9F7}.Debug|x86.ActiveCfg = Debug|Win32
		{D4956711-636F-4970-ABFF-DA19002CB9F7}.Debug|x86.Build.0 = Debug|Win32
		{D4956711-636F-4970-ABFF-DA19002CB9F7}.Release|x64.ActiveCfg = Release|x64
		{D4956711-636F-4970-ABFF-DA19002CB9F7}.Release|x64.Build.0 = Release|x64
		{D4956711-636F-4970-ABFF-DA19002CB9F7}.Release|x86.ActiveCfg = Release|Win32
		{D4956711-636F-4970-ABFF-DA19002CB9F7}.Release|x86.Build.0 = Release|Win32
	EndGlobalSection
	GlobalSection(SolutionProperties) = preSolution
		HideSolutionNode = FALSE
	EndGlobalSection
	GlobalSection(ExtensibilityGlobals) = postSolution
		SolutionGuid = {559A157C-700D-421A-904C-3DB37954AD27}
	EndGlobalSection
EndGlobal
